{
  "name": "typescript",
  "version": "1.0.0",
  "lockfileVersion": 2,
  "requires": true,
  "packages": {
    "": {
      "name": "typescript",
      "version": "1.0.0",
      "license": "ISC",
      "dependencies": {
        "lodash": "4.14"
      },
      "devDependencies": {
        "@types/lodash": "^4.14.184"
      }
    },
    "node_modules/@types/lodash": {
      "version": "4.14.184",
      "resolved": "https://registry.npmjs.org/@types/lodash/-/lodash-4.14.184.tgz",
      "integrity": "sha512-RoZphVtHbxPZizt4IcILciSWiC6dcn+eZ8oX9IWEYfDMcocdd42f7NPI6fQj+6zI8y4E0L7gu2pcZKLGTRaV9Q==",
      "dev": true
    },
    "node_modules/lodash": {
      "version": "4.14.2",
      "resolved": "https://registry.npmjs.org/lodash/-/lodash-4.14.2.tgz",
      "integrity": "sha512-L5PieqD7phyya3Uave78zpkVE5uc022V1h5iAWt7q1z71SS7Rtw5OX8Q30OZ4L8GVtRLKxI1mn76X288L7EdeA=="
    }
  },
  "dependencies": {
    "@types/lodash": {
      "version": "4.14.184",
      "resolved": "https://registry.npmjs.org/@types/lodash/-/lodash-4.14.184.tgz",
      "integrity": "sha512-RoZphVtHbxPZizt4IcILciSWiC6dcn+eZ8oX9IWEYfDMcocdd42f7NPI6fQj+6zI8y4E0L7gu2pcZKLGTRaV9Q==",
      "dev": true
    },
    "lodash": {
      "version": "4.14.2",
      "resolved": "https://registry.npmjs.org/lodash/-/lodash-4.14.2.tgz",
      "integrity": "sha512-L5PieqD7phyya3Uave78zpkVE5uc022V1h5iAWt7q1z71SS7Rtw5OX8Q30OZ4L8GVtRLKxI1mn76X288L7EdeA=="
    }
  }
}
